// !$*UTF8*$!
{
	archiveVersion = 1;
	classes = {
	};
	objectVersion = 56;
	objects = {

/* Begin PBXBuildFile section */
		ADA09EE82C1F8A9400837F7B /* NostrAppApp.swift in Sources */ = {isa = PBXBuildFile; fileRef = ADA09EE72C1F8A9400837F7B /* NostrAppApp.swift */; };
		ADA09EEA2C1F8A9400837F7B /* ContentView.swift in Sources */ = {isa = PBXBuildFile; fileRef = ADA09EE92C1F8A9400837F7B /* ContentView.swift */; };
		ADA09EEC2C1F8A9600837F7B /* Assets.xcassets in Resources */ = {isa = PBXBuildFile; fileRef = ADA09EEB2C1F8A9600837F7B /* Assets.xcassets */; };
		ADA09EEF2C1F8A9600837F7B /* Preview Assets.xcassets in Resources */ = {isa = PBXBuildFile; fileRef = ADA09EEE2C1F8A9600837F7B /* Preview Assets.xcassets */; };
		ADA09EF92C1F8A9700837F7B /* NostrAppTests.swift in Sources */ = {isa = PBXBuildFile; fileRef = ADA09EF82C1F8A9700837F7B /* NostrAppTests.swift */; };
		ADA09F032C1F8A9700837F7B /* NostrAppUITests.swift in Sources */ = {isa = PBXBuildFile; fileRef = ADA09F022C1F8A9700837F7B /* NostrAppUITests.swift */; };
		ADA09F052C1F8A9700837F7B /* NostrAppUITestsLaunchTests.swift in Sources */ = {isa = PBXBuildFile; fileRef = ADA09F042C1F8A9700837F7B /* NostrAppUITestsLaunchTests.swift */; };
/* End PBXBuildFile section */

/* Begin PBXContainerItemProxy section */
		ADA09EF52C1F8A9700837F7B /* PBXContainerItemProxy */ = {
			isa = PBXContainerItemProxy;
			containerPortal = ADA09EDC2C1F8A9400837F7B /* Project object */;
			proxyType = 1;
			remoteGlobalIDString = ADA09EE32C1F8A9400837F7B;
			remoteInfo = NostrApp;
		};
		ADA09EFF2C1F8A9700837F7B /* PBXContainerItemProxy */ = {
			isa = PBXContainerItemProxy;
			containerPortal = ADA09EDC2C1F8A9400837F7B /* Project object */;
			proxyType = 1;
			remoteGlobalIDString = ADA09EE32C1F8A9400837F7B;
			remoteInfo = NostrApp;
		};
/* End PBXContainerItemProxy section */

/* Begin PBXFileReference section */
		ADA09EE42C1F8A9400837F7B /* NostrApp.app */ = {isa = PBXFileReference; explicitFileType = wrapper.application; includeInIndex = 0; path = NostrApp.app; sourceTree = BUILT_PRODUCTS_DIR; };
		ADA09EE72C1F8A9400837F7B /* NostrAppApp.swift */ = {isa = PBXFileReference; lastKnownFileType = sourcecode.swift; path = NostrAppApp.swift; sourceTree = "<group>"; };
		ADA09EE92C1F8A9400837F7B /* ContentView.swift */ = {isa = PBXFileReference; lastKnownFileType = sourcecode.swift; path = ContentView.swift; sourceTree = "<group>"; };
		ADA09EEB2C1F8A9600837F7B /* Assets.xcassets */ = {isa = PBXFileReference; lastKnownFileType = folder.assetcatalog; path = Assets.xcassets; sourceTree = "<group>"; };
		ADA09EEE2C1F8A9600837F7B /* Preview Assets.xcassets */ = {isa = PBXFileReference; lastKnownFileType = folder.assetcatalog; path = "Preview Assets.xcassets"; sourceTree = "<group>"; };
		ADA09EF42C1F8A9700837F7B /* NostrAppTests.xctest */ = {isa = PBXFileReference; explicitFileType = wrapper.cfbundle; includeInIndex = 0; path = NostrAppTests.xctest; sourceTree = BUILT_PRODUCTS_DIR; };
		ADA09EF82C1F8A9700837F7B /* NostrAppTests.swift */ = {isa = PBXFileReference; lastKnownFileType = sourcecode.swift; path = NostrAppTests.swift; sourceTree = "<group>"; };
		ADA09EFE2C1F8A9700837F7B /* NostrAppUITests.xctest */ = {isa = PBXFileReference; explicitFileType = wrapper.cfbundle; includeInIndex = 0; path = NostrAppUITests.xctest; sourceTree = BUILT_PRODUCTS_DIR; };
		ADA09F022C1F8A9700837F7B /* NostrAppUITests.swift */ = {isa = PBXFileReference; lastKnownFileType = sourcecode.swift; path = NostrAppUITests.swift; sourceTree = "<group>"; };
		ADA09F042C1F8A9700837F7B /* NostrAppUITestsLaunchTests.swift */ = {isa = PBXFileReference; lastKnownFileType = sourcecode.swift; path = NostrAppUITestsLaunchTests.swift; sourceTree = "<group>"; };
/* End PBXFileReference section */

/* Begin PBXFrameworksBuildPhase section */
		ADA09EE12C1F8A9400837F7B /* Frameworks */ = {
			isa = PBXFrameworksBuildPhase;
			buildActionMask = 2147483647;
			files = (
			);
			runOnlyForDeploymentPostprocessing = 0;
		};
		ADA09EF12C1F8A9700837F7B /* Frameworks */ = {
			isa = PBXFrameworksBuildPhase;
			buildActionMask = 2147483647;
			files = (
			);
			runOnlyForDeploymentPostprocessing = 0;
		};
		ADA09EFB2C1F8A9700837F7B /* Frameworks */ = {
			isa = PBXFrameworksBuildPhase;
			buildActionMask = 2147483647;
			files = (
			);
			runOnlyForDeploymentPostprocessing = 0;
		};
/* End PBXFrameworksBuildPhase section */

/* Begin PBXGroup section */
		ADA09EDB2C1F8A9400837F7B = {
			isa = PBXGroup;
			children = (
				ADA09EE62C1F8A9400837F7B /* NostrApp */,
				ADA09EF72C1F8A9700837F7B /* NostrAppTests */,
				ADA09F012C1F8A9700837F7B /* NostrAppUITests */,
				ADA09EE52C1F8A9400837F7B /* Products */,
			);
			sourceTree = "<group>";
		};
		ADA09EE52C1F8A9400837F7B /* Products */ = {
			isa = PBXGroup;
			children = (
				ADA09EE42C1F8A9400837F7B /* NostrApp.app */,
				ADA09EF42C1F8A9700837F7B /* NostrAppTests.xctest */,
				ADA09EFE2C1F8A9700837F7B /* NostrAppUITests.xctest */,
			);
			name = Products;
			sourceTree = "<group>";
		};
		ADA09EE62C1F8A9400837F7B /* NostrApp */ = {
			isa = PBXGroup;
			children = (
				ADA09EE72C1F8A9400837F7B /* NostrAppApp.swift */,
				ADA09EE92C1F8A9400837F7B /* ContentView.swift */,
				ADA09EEB2C1F8A9600837F7B /* Assets.xcassets */,
				ADA09EED2C1F8A9600837F7B /* Preview Content */,
			);
			path = NostrApp;
			sourceTree = "<group>";
		};
		ADA09EED2C1F8A9600837F7B /* Preview Content */ = {
			isa = PBXGroup;
			children = (
				ADA09EEE2C1F8A9600837F7B /* Preview Assets.xcassets */,
			);
			path = "Preview Content";
			sourceTree = "<group>";
		};
		ADA09EF72C1F8A9700837F7B /* NostrAppTests */ = {
			isa = PBXGroup;
			children = (
				ADA09EF82C1F8A9700837F7B /* NostrAppTests.swift */,
			);
			path = NostrAppTests;
			sourceTree = "<group>";
		};
		ADA09F012C1F8A9700837F7B /* NostrAppUITests */ = {
			isa = PBXGroup;
			children = (
				ADA09F022C1F8A9700837F7B /* NostrAppUITests.swift */,
				ADA09F042C1F8A9700837F7B /* NostrAppUITestsLaunchTests.swift */,
			);
			path = NostrAppUITests;
			sourceTree = "<group>";
		};
/* End PBXGroup section */

/* Begin PBXNativeTarget section */
		ADA09EE32C1F8A9400837F7B /* NostrApp */ = {
			isa = PBXNativeTarget;
			buildConfigurationList = ADA09F082C1F8A9700837F7B /* Build configuration list for PBXNativeTarget "NostrApp" */;
			buildPhases = (
				ADA09EE02C1F8A9400837F7B /* Sources */,
				ADA09EE12C1F8A9400837F7B /* Frameworks */,
				ADA09EE22C1F8A9400837F7B /* Resources */,
			);
			buildRules = (
			);
			dependencies = (
			);
			name = NostrApp;
			productName = NostrApp;
			productReference = ADA09EE42C1F8A9400837F7B /* NostrApp.app */;
			productType = "com.apple.product-type.application";
		};
		ADA09EF32C1F8A9700837F7B /* NostrAppTests */ = {
			isa = PBXNativeTarget;
			buildConfigurationList = ADA09F0B2C1F8A9700837F7B /* Build configuration list for PBXNativeTarget "NostrAppTests" */;
			buildPhases = (
				ADA09EF02C1F8A9700837F7B /* Sources */,
				ADA09EF12C1F8A9700837F7B /* Frameworks */,
				ADA09EF22C1F8A9700837F7B /* Resources */,
			);
			buildRules = (
			);
			dependencies = (
				ADA09EF62C1F8A9700837F7B /* PBXTargetDependency */,
			);
			name = NostrAppTests;
			productName = NostrAppTests;
			productReference = ADA09EF42C1F8A9700837F7B /* NostrAppTests.xctest */;
			productType = "com.apple.product-type.bundle.unit-test";
		};
		ADA09EFD2C1F8A9700837F7B /* NostrAppUITests */ = {
			isa = PBXNativeTarget;
			buildConfigurationList = ADA09F0E2C1F8A9700837F7B /* Build configuration list for PBXNativeTarget "NostrAppUITests" */;
			buildPhases = (
				ADA09EFA2C1F8A9700837F7B /* Sources */,
				ADA09EFB2C1F8A9700837F7B /* Frameworks */,
				ADA09EFC2C1F8A9700837F7B /* Resources */,
			);
			buildRules = (
			);
			dependencies = (
				ADA09F002C1F8A9700837F7B /* PBXTargetDependency */,
			);
			name = NostrAppUITests;
			productName = NostrAppUITests;
			productReference = ADA09EFE2C1F8A9700837F7B /* NostrAppUITests.xctest */;
			productType = "com.apple.product-type.bundle.ui-testing";
		};
/* End PBXNativeTarget section */

/* Begin PBXProject section */
		ADA09EDC2C1F8A9400837F7B /* Project object */ = {
			isa = PBXProject;
			attributes = {
				BuildIndependentTargetsInParallel = 1;
				LastSwiftUpdateCheck = 1510;
				LastUpgradeCheck = 1510;
				TargetAttributes = {
					ADA09EE32C1F8A9400837F7B = {
						CreatedOnToolsVersion = 15.1;
					};
					ADA09EF32C1F8A9700837F7B = {
						CreatedOnToolsVersion = 15.1;
						TestTargetID = ADA09EE32C1F8A9400837F7B;
					};
					ADA09EFD2C1F8A9700837F7B = {
						CreatedOnToolsVersion = 15.1;
						TestTargetID = ADA09EE32C1F8A9400837F7B;
					};
				};
			};
			buildConfigurationList = ADA09EDF2C1F8A9400837F7B /* Build configuration list for PBXProject "NostrApp" */;
			compatibilityVersion = "Xcode 14.0";
			developmentRegion = en;
			hasScannedForEncodings = 0;
			knownRegions = (
				en,
				Base,
			);
			mainGroup = ADA09EDB2C1F8A9400837F7B;
			productRefGroup = ADA09EE52C1F8A9400837F7B /* Products */;
			projectDirPath = "";
			projectRoot = "";
			targets = (
				ADA09EE32C1F8A9400837F7B /* NostrApp */,
				ADA09EF32C1F8A9700837F7B /* NostrAppTests */,
				ADA09EFD2C1F8A9700837F7B /* NostrAppUITests */,
			);
		};
/* End PBXProject section */

/* Begin PBXResourcesBuildPhase section */
		ADA09EE22C1F8A9400837F7B /* Resources */ = {
			isa = PBXResourcesBuildPhase;
			buildActionMask = 2147483647;
			files = (
				ADA09EEF2C1F8A9600837F7B /* Preview Assets.xcassets in Resources */,
				ADA09EEC2C1F8A9600837F7B /* Assets.xcassets in Resources */,
			);
			runOnlyForDeploymentPostprocessing = 0;
		};
		ADA09EF22C1F8A9700837F7B /* Resources */ = {
			isa = PBXResourcesBuildPhase;
			buildActionMask = 2147483647;
			files = (
			);
			runOnlyForDeploymentPostprocessing = 0;
		};
		ADA09EFC2C1F8A9700837F7B /* Resources */ = {
			isa = PBXResourcesBuildPhase;
			buildActionMask = 2147483647;
			files = (
			);
			runOnlyForDeploymentPostprocessing = 0;
		};
/* End PBXResourcesBuildPhase section */

/* Begin PBXSourcesBuildPhase section */
		ADA09EE02C1F8A9400837F7B /* Sources */ = {
			isa = PBXSourcesBuildPhase;
			buildActionMask = 2147483647;
			files = (
				ADA09EEA2C1F8A9400837F7B /* ContentView.swift in Sources */,
				ADA09EE82C1F8A9400837F7B /* NostrAppApp.swift in Sources */,
			);
			runOnlyForDeploymentPostprocessing = 0;
		};
		ADA09EF02C1F8A9700837F7B /* Sources */ = {
			isa = PBXSourcesBuildPhase;
			buildActionMask = 2147483647;
			files = (
				ADA09EF92C1F8A9700837F7B /* NostrAppTests.swift in Sources */,
			);
			runOnlyForDeploymentPostprocessing = 0;
		};
		ADA09EFA2C1F8A9700837F7B /* Sources */ = {
			isa = PBXSourcesBuildPhase;
			buildActionMask = 2147483647;
			files = (
				ADA09F052C1F8A9700837F7B /* NostrAppUITestsLaunchTests.swift in Sources */,
				ADA09F032C1F8A9700837F7B /* NostrAppUITests.swift in Sources */,
			);
			runOnlyForDeploymentPostprocessing = 0;
		};
/* End PBXSourcesBuildPhase section */

/* Begin PBXTargetDependency section */
		ADA09EF62C1F8A9700837F7B /* PBXTargetDependency */ = {
			isa = PBXTargetDependency;
			target = ADA09EE32C1F8A9400837F7B /* NostrApp */;
			targetProxy = ADA09EF52C1F8A9700837F7B /* PBXContainerItemProxy */;
		};
		ADA09F002C1F8A9700837F7B /* PBXTargetDependency */ = {
			isa = PBXTargetDependency;
			target = ADA09EE32C1F8A9400837F7B /* NostrApp */;
			targetProxy = ADA09EFF2C1F8A9700837F7B /* PBXContainerItemProxy */;
		};
/* End PBXTargetDependency section */

/* Begin XCBuildConfiguration section */
		ADA09F062C1F8A9700837F7B /* Debug */ = {
			isa = XCBuildConfiguration;
			buildSettings = {
				ALWAYS_SEARCH_USER_PATHS = NO;
				ASSETCATALOG_COMPILER_GENERATE_SWIFT_ASSET_SYMBOL_EXTENSIONS = YES;
				CLANG_ANALYZER_NONNULL = YES;
				CLANG_ANALYZER_NUMBER_OBJECT_CONVERSION = YES_AGGRESSIVE;
				CLANG_CXX_LANGUAGE_STANDARD = "gnu++20";
				CLANG_ENABLE_MODULES = YES;
				CLANG_ENABLE_OBJC_ARC = YES;
				CLANG_ENABLE_OBJC_WEAK = YES;
				CLANG_WARN_BLOCK_CAPTURE_AUTORELEASING = YES;
				CLANG_WARN_BOOL_CONVERSION = YES;
				CLANG_WARN_COMMA = YES;
				CLANG_WARN_CONSTANT_CONVERSION = YES;
				CLANG_WARN_DEPRECATED_OBJC_IMPLEMENTATIONS = YES;
				CLANG_WARN_DIRECT_OBJC_ISA_USAGE = YES_ERROR;
				CLANG_WARN_DOCUMENTATION_COMMENTS = YES;
				CLANG_WARN_EMPTY_BODY = YES;
				CLANG_WARN_ENUM_CONVERSION = YES;
				CLANG_WARN_INFINITE_RECURSION = YES;
				CLANG_WARN_INT_CONVERSION = YES;
				CLANG_WARN_NON_LITERAL_NULL_CONVERSION = YES;
				CLANG_WARN_OBJC_IMPLICIT_RETAIN_SELF = YES;
				CLANG_WARN_OBJC_LITERAL_CONVERSION = YES;
				CLANG_WARN_OBJC_ROOT_CLASS = YES_ERROR;
				CLANG_WARN_QUOTED_INCLUDE_IN_FRAMEWORK_HEADER = YES;
				CLANG_WARN_RANGE_LOOP_ANALYSIS = YES;
				CLANG_WARN_STRICT_PROTOTYPES = YES;
				CLANG_WARN_SUSPICIOUS_MOVE = YES;
				CLANG_WARN_UNGUARDED_AVAILABILITY = YES_AGGRESSIVE;
				CLANG_WARN_UNREACHABLE_CODE = YES;
				CLANG_WARN__DUPLICATE_METHOD_MATCH = YES;
				COPY_PHASE_STRIP = NO;
				DEBUG_INFORMATION_FORMAT = dwarf;
				ENABLE_STRICT_OBJC_MSGSEND = YES;
				ENABLE_TESTABILITY = YES;
				ENABLE_USER_SCRIPT_SANDBOXING = YES;
				GCC_C_LANGUAGE_STANDARD = gnu17;
				GCC_DYNAMIC_NO_PIC = NO;
				GCC_NO_COMMON_BLOCKS = YES;
				GCC_OPTIMIZATION_LEVEL = 0;
				GCC_PREPROCESSOR_DEFINITIONS = (
					"DEBUG=1",
					"$(inherited)",
				);
				GCC_WARN_64_TO_32_BIT_CONVERSION = YES;
				GCC_WARN_ABOUT_RETURN_TYPE = YES_ERROR;
				GCC_WARN_UNDECLARED_SELECTOR = YES;
				GCC_WARN_UNINITIALIZED_AUTOS = YES_AGGRESSIVE;
				GCC_WARN_UNUSED_FUNCTION = YES;
				GCC_WARN_UNUSED_VARIABLE = YES;
				IPHONEOS_DEPLOYMENT_TARGET = 17.2;
				LOCALIZATION_PREFERS_STRING_CATALOGS = YES;
				MTL_ENABLE_DEBUG_INFO = INCLUDE_SOURCE;
				MTL_FAST_MATH = YES;
				ONLY_ACTIVE_ARCH = YES;
				SDKROOT = iphoneos;
				SWIFT_ACTIVE_COMPILATION_CONDITIONS = "DEBUG $(inherited)";
				SWIFT_OPTIMIZATION_LEVEL = "-Onone";
			};
			name = Debug;
		};
		ADA09F072C1F8A9700837F7B /* Release */ = {
			isa = XCBuildConfiguration;
			buildSettings = {
				ALWAYS_SEARCH_USER_PATHS = NO;
				ASSETCATALOG_COMPILER_GENERATE_SWIFT_ASSET_SYMBOL_EXTENSIONS = YES;
				CLANG_ANALYZER_NONNULL = YES;
				CLANG_ANALYZER_NUMBER_OBJECT_CONVERSION = YES_AGGRESSIVE;
				CLANG_CXX_LANGUAGE_STANDARD = "gnu++20";
				CLANG_ENABLE_MODULES = YES;
				CLANG_ENABLE_OBJC_ARC = YES;
				CLANG_ENABLE_OBJC_WEAK = YES;
				CLANG_WARN_BLOCK_CAPTURE_AUTORELEASING = YES;
				CLANG_WARN_BOOL_CONVERSION = YES;
				CLANG_WARN_COMMA = YES;
				CLANG_WARN_CONSTANT_CONVERSION = YES;
				CLANG_WARN_DEPRECATED_OBJC_IMPLEMENTATIONS = YES;
				CLANG_WARN_DIRECT_OBJC_ISA_USAGE = YES_ERROR;
				CLANG_WARN_DOCUMENTATION_COMMENTS = YES;
				CLANG_WARN_EMPTY_BODY = YES;
				CLANG_WARN_ENUM_CONVERSION = YES;
				CLANG_WARN_INFINITE_RECURSION = YES;
				CLANG_WARN_INT_CONVERSION = YES;
				CLANG_WARN_NON_LITERAL_NULL_CONVERSION = YES;
				CLANG_WARN_OBJC_IMPLICIT_RETAIN_SELF = YES;
				CLANG_WARN_OBJC_LITERAL_CONVERSION = YES;
				CLANG_WARN_OBJC_ROOT_CLASS = YES_ERROR;
				CLANG_WARN_QUOTED_INCLUDE_IN_FRAMEWORK_HEADER = YES;
				CLANG_WARN_RANGE_LOOP_ANALYSIS = YES;
				CLANG_WARN_STRICT_PROTOTYPES = YES;
				CLANG_WARN_SUSPICIOUS_MOVE = YES;
				CLANG_WARN_UNGUARDED_AVAILABILITY = YES_AGGRESSIVE;
				CLANG_WARN_UNREACHABLE_CODE = YES;
				CLANG_WARN__DUPLICATE_METHOD_MATCH = YES;
				COPY_PHASE_STRIP = NO;
				DEBUG_INFORMATION_FORMAT = "dwarf-with-dsym";
				ENABLE_NS_ASSERTIONS = NO;
				ENABLE_STRICT_OBJC_MSGSEND = YES;
				ENABLE_USER_SCRIPT_SANDBOXING = YES;
				GCC_C_LANGUAGE_STANDARD = gnu17;
				GCC_NO_COMMON_BLOCKS = YES;
				GCC_WARN_64_TO_32_BIT_CONVERSION = YES;
				GCC_WARN_ABOUT_RETURN_TYPE = YES_ERROR;
				GCC_WARN_UNDECLARED_SELECTOR = YES;
				GCC_WARN_UNINITIALIZED_AUTOS = YES_AGGRESSIVE;
				GCC_WARN_UNUSED_FUNCTION = YES;
				GCC_WARN_UNUSED_VARIABLE = YES;
				IPHONEOS_DEPLOYMENT_TARGET = 17.2;
				LOCALIZATION_PREFERS_STRING_CATALOGS = YES;
				MTL_ENABLE_DEBUG_INFO = NO;
				MTL_FAST_MATH = YES;
				SDKROOT = iphoneos;
				SWIFT_COMPILATION_MODE = wholemodule;
				VALIDATE_PRODUCT = YES;
			};
			name = Release;
		};
		ADA09F092C1F8A9700837F7B /* Debug */ = {
			isa = XCBuildConfiguration;
			buildSettings = {
				ASSETCATALOG_COMPILER_APPICON_NAME = AppIcon;
				ASSETCATALOG_COMPILER_GLOBAL_ACCENT_COLOR_NAME = AccentColor;
				CODE_SIGN_STYLE = Automatic;
				CURRENT_PROJECT_VERSION = 1;
				DEVELOPMENT_ASSET_PATHS = "\"NostrApp/Preview Content\"";
				DEVELOPMENT_TEAM = 7W77348744;
				ENABLE_PREVIEWS = YES;
				GENERATE_INFOPLIST_FILE = YES;
				INFOPLIST_KEY_UIApplicationSceneManifest_Generation = YES;
				INFOPLIST_KEY_UIApplicationSupportsIndirectInputEvents = YES;
				INFOPLIST_KEY_UILaunchScreen_Generation = YES;
				INFOPLIST_KEY_UISupportedInterfaceOrientations = UIInterfaceOrientationPortrait;
				INFOPLIST_KEY_UISupportedInterfaceOrientations_iPad = "UIInterfaceOrientationLandscapeLeft UIInterfaceOrientationLandscapeRight UIInterfaceOrientationPortrait UIInterfaceOrientationPortraitUpsideDown";
				LD_RUNPATH_SEARCH_PATHS = (
					"$(inherited)",
					"@executable_path/Frameworks",
				);
				MARKETING_VERSION = 1.0;
				PRODUCT_BUNDLE_IDENTIFIER = "com.sal-et-lucem.NostrApp";
				PRODUCT_NAME = "$(TARGET_NAME)";
				SUPPORTED_PLATFORMS = "iphoneos iphonesimulator";
				SUPPORTS_MACCATALYST = NO;
				SUPPORTS_MAC_DESIGNED_FOR_IPHONE_IPAD = NO;
				SWIFT_EMIT_LOC_STRINGS = YES;
				SWIFT_VERSION = 5.0;
				TARGETED_DEVICE_FAMILY = 1;
			};
			name = Debug;
		};
		ADA09F0A2C1F8A9700837F7B /* Release */ = {
			isa = XCBuildConfiguration;
			buildSettings = {
				ASSETCATALOG_COMPILER_APPICON_NAME = AppIcon;
				ASSETCATALOG_COMPILER_GLOBAL_ACCENT_COLOR_NAME = AccentColor;
				CODE_SIGN_STYLE = Automatic;
				CURRENT_PROJECT_VERSION = 1;
				DEVELOPMENT_ASSET_PATHS = "\"NostrApp/Preview Content\"";
				DEVELOPMENT_TEAM = 7W77348744;
				ENABLE_PREVIEWS = YES;
				GENERATE_INFOPLIST_FILE = YES;
				INFOPLIST_KEY_UIApplicationSceneManifest_Generation = YES;
				INFOPLIST_KEY_UIApplicationSupportsIndirectInputEvents = YES;
				INFOPLIST_KEY_UILaunchScreen_Generation = YES;
				INFOPLIST_KEY_UISupportedInterfaceOrientations = UIInterfaceOrientationPortrait;
				INFOPLIST_KEY_UISupportedInterfaceOrientations_iPad = "UIInterfaceOrientationLandscapeLeft UIInterfaceOrientationLandscapeRight UIInterfaceOrientationPortrait UIInterfaceOrientationPortraitUpsideDown";
				LD_RUNPATH_SEARCH_PATHS = (
					"$(inherited)",
					"@executable_path/Frameworks",
				);
				MARKETING_VERSION = 1.0;
				PRODUCT_BUNDLE_IDENTIFIER = "com.sal-et-lucem.NostrApp";
				PRODUCT_NAME = "$(TARGET_NAME)";
				SUPPORTED_PLATFORMS = "iphoneos iphonesimulator";
				SUPPORTS_MACCATALYST = NO;
				SUPPORTS_MAC_DESIGNED_FOR_IPHONE_IPAD = NO;
				SWIFT_EMIT_LOC_STRINGS = YES;
				SWIFT_VERSION = 5.0;
				TARGETED_DEVICE_FAMILY = 1;
			};
			name = Release;
		};
		ADA09F0C2C1F8A9700837F7B /* Debug */ = {
			isa = XCBuildConfiguration;
			buildSettings = {
				ALWAYS_EMBED_SWIFT_STANDARD_LIBRARIES = YES;
				BUNDLE_LOADER = "$(TEST_HOST)";
				CODE_SIGN_STYLE = Automatic;
				CURRENT_PROJECT_VERSION = 1;
				DEVELOPMENT_TEAM = 7W77348744;
				GENERATE_INFOPLIST_FILE = YES;
				IPHONEOS_DEPLOYMENT_TARGET = 17.2;
				MARKETING_VERSION = 1.0;
				PRODUCT_BUNDLE_IDENTIFIER = "com.sal-et-lucem.NostrAppTests";
				PRODUCT_NAME = "$(TARGET_NAME)";
				SWIFT_EMIT_LOC_STRINGS = NO;
				SWIFT_VERSION = 5.0;
				TARGETED_DEVICE_FAMILY = "1,2";
				TEST_HOST = "$(BUILT_PRODUCTS_DIR)/NostrApp.app/$(BUNDLE_EXECUTABLE_FOLDER_PATH)/NostrApp";
			};
			name = Debug;
		};
		ADA09F0D2C1F8A9700837F7B /* Release */ = {
			isa = XCBuildConfiguration;
			buildSettings = {
				ALWAYS_EMBED_SWIFT_STANDARD_LIBRARIES = YES;
				BUNDLE_LOADER = "$(TEST_HOST)";
				CODE_SIGN_STYLE = Automatic;
				CURRENT_PROJECT_VERSION = 1;
				DEVELOPMENT_TEAM = 7W77348744;
				GENERATE_INFOPLIST_FILE = YES;
				IPHONEOS_DEPLOYMENT_TARGET = 17.2;
				MARKETING_VERSION = 1.0;
				PRODUCT_BUNDLE_IDENTIFIER = "com.sal-et-lucem.NostrAppTests";
				PRODUCT_NAME = "$(TARGET_NAME)";
				SWIFT_EMIT_LOC_STRINGS = NO;
				SWIFT_VERSION = 5.0;
				TARGETED_DEVICE_FAMILY = "1,2";
				TEST_HOST = "$(BUILT_PRODUCTS_DIR)/NostrApp.app/$(BUNDLE_EXECUTABLE_FOLDER_PATH)/NostrApp";
			};
			name = Release;
		};
		ADA09F0F2C1F8A9700837F7B /* Debug */ = {
			isa = XCBuildConfiguration;
			buildSettings = {
				ALWAYS_EMBED_SWIFT_STANDARD_LIBRARIES = YES;
				CODE_SIGN_STYLE = Automatic;
				CURRENT_PROJECT_VERSION = 1;
				DEVELOPMENT_TEAM = 7W77348744;
				GENERATE_INFOPLIST_FILE = YES;
				MARKETING_VERSION = 1.0;
				PRODUCT_BUNDLE_IDENTIFIER = "com.sal-et-lucem.NostrAppUITests";
				PRODUCT_NAME = "$(TARGET_NAME)";
				SWIFT_EMIT_LOC_STRINGS = NO;
				SWIFT_VERSION = 5.0;
				TARGETED_DEVICE_FAMILY = "1,2";
				TEST_TARGET_NAME = NostrApp;
			};
			name = Debug;
		};
		ADA09F102C1F8A9700837F7B /* Release */ = {
			isa = XCBuildConfiguration;
			buildSettings = {
				ALWAYS_EMBED_SWIFT_STANDARD_LIBRARIES = YES;
				CODE_SIGN_STYLE = Automatic;
				CURRENT_PROJECT_VERSION = 1;
				DEVELOPMENT_TEAM = 7W77348744;
				GENERATE_INFOPLIST_FILE = YES;
				MARKETING_VERSION = 1.0;
				PRODUCT_BUNDLE_IDENTIFIER = "com.sal-et-lucem.NostrAppUITests";
				PRODUCT_NAME = "$(TARGET_NAME)";
				SWIFT_EMIT_LOC_STRINGS = NO;
				SWIFT_VERSION = 5.0;
				TARGETED_DEVICE_FAMILY = "1,2";
				TEST_TARGET_NAME = NostrApp;
			};
			name = Release;
		};
/* End XCBuildConfiguration section */

/* Begin XCConfigurationList section */
		ADA09EDF2C1F8A9400837F7B /* Build configuration list for PBXProject "NostrApp" */ = {
			isa = XCConfigurationList;
			buildConfigurations = (
				ADA09F062C1F8A9700837F7B /* Debug */,
				ADA09F072C1F8A9700837F7B /* Release */,
			);
			defaultConfigurationIsVisible = 0;
			defaultConfigurationName = Release;
		};
		ADA09F082C1F8A9700837F7B /* Build configuration list for PBXNativeTarget "NostrApp" */ = {
			isa = XCConfigurationList;
			buildConfigurations = (
				ADA09F092C1F8A9700837F7B /* Debug */,
				ADA09F0A2C1F8A9700837F7B /* Release */,
			);
			defaultConfigurationIsVisible = 0;
			defaultConfigurationName = Release;
		};
		ADA09F0B2C1F8A9700837F7B /* Build configuration list for PBXNativeTarget "NostrAppTests" */ = {
			isa = XCConfigurationList;
			buildConfigurations = (
				ADA09F0C2C1F8A9700837F7B /* Debug */,
				ADA09F0D2C1F8A9700837F7B /* Release */,
			);
			defaultConfigurationIsVisible = 0;
			defaultConfigurationName = Release;
		};
		ADA09F0E2C1F8A9700837F7B /* Build configuration list for PBXNativeTarget "NostrAppUITests" */ = {
			isa = XCConfigurationList;
			buildConfigurations = (
				ADA09F0F2C1F8A9700837F7B /* Debug */,
				ADA09F102C1F8A9700837F7B /* Release */,
			);
			defaultConfigurationIsVisible = 0;
			defaultConfigurationName = Release;
		};
/* End XCConfigurationList section */
	};
	rootObject = ADA09EDC2C1F8A9400837F7B /* Project object */;
}
